<?xml version="1.0" encoding="utf-8"?>
<Project ToolsVersion="4.0" xmlns="http://schemas.microsoft.com/developer/msbuild/2003">
  <ItemGroup>
    <Filter Include="Source Files">
      <UniqueIdentifier>{4FC737F1-C7A5-4376-A066-2A32D752A2FF}</UniqueIdentifier>
      <Extensions>cpp;c;cc;cxx;def;odl;idl;hpj;bat;asm;asmx</Extensions>
    </Filter>
    <Filter Include="Header Files">
      <UniqueIdentifier>{93995380-89BD-4b04-88EB-625FBE52EBFB}</UniqueIdentifier>
      <Extensions>h;hpp;hxx;hm;inl;inc;xsd</Extensions>
    </Filter>
    <Filter Include="Resource Files">
      <UniqueIdentifier>{67DA6AB6-F800-4c08-8B7A-83BB121AAD01}</UniqueIdentifier>
      <Extensions>rc;ico;cur;bmp;dlg;rc2;rct;bin;rgs;gif;jpg;jpeg;jpe;resx;tiff;tif;png;wav;mfcribbon-ms</Extensions>
    </Filter>
  </ItemGroup>
  <ItemGroup>
    <ClInclude Include="stdafx.h">
      <Filter>Header Files</Filter>
    </ClInclude>
    <ClInclude Include="targetver.h">
      <Filter>Header Files</Filter>
    </ClInclude>
    <ClInclude Include="Include\VirtualWorld.h">
      <Filter>Header Files</Filter>
    </ClInclude>
    <ClInclude Include="Window\Window32.h">
      <Filter>Header Files</Filter>
    </ClInclude>
    <ClInclude Include="Window\atlopengl.h">
      <Filter>Header Files</Filter>
    </ClInclude>
    <ClInclude Include="SceneGraph\SceneGroupNode.h">
      <Filter>Header Files</Filter>
    </ClInclude>
    <ClInclude Include="SceneGraph\SceneGeometryNode.h">
      <Filter>Header Files</Filter>
    </ClInclude>
    <ClInclude Include="Geometry\GeometryCommonObject.h">
      <Filter>Header Files</Filter>
    </ClInclude>
    <ClInclude Include="Appearance\Material.h">
      <Filter>Header Files</Filter>
    </ClInclude>
    <ClInclude Include="Geometry\GeometryOBJObject.h">
      <Filter>Header Files</Filter>
    </ClInclude>
    <ClInclude Include="Geometry\Geometry3DSObject.h">
      <Filter>Header Files</Filter>
    </ClInclude>
    <ClInclude Include="SceneGraph\SceneCameraNode.h">
      <Filter>Header Files</Filter>
    </ClInclude>
    <ClInclude Include="SceneGraph\SceneLightNode.h">
      <Filter>Header Files</Filter>
    </ClInclude>
  </ItemGroup>
  <ItemGroup>
    <ClCompile Include="stdafx.cpp">
      <Filter>Source Files</Filter>
    </ClCompile>
    <ClCompile Include="VirtualWorld.cpp">
      <Filter>Source Files</Filter>
    </ClCompile>
    <ClCompile Include="dllmain.cpp">
      <Filter>Source Files</Filter>
    </ClCompile>
    <ClCompile Include="Window\Window32.cpp">
      <Filter>Source Files</Filter>
    </ClCompile>
    <ClCompile Include="SceneGraph\SceneGroupNode.cpp">
      <Filter>Source Files</Filter>
    </ClCompile>
    <ClCompile Include="SceneGraph\SceneGeometryNode.cpp">
      <Filter>Source Files</Filter>
    </ClCompile>
    <ClCompile Include="Geometry\GeometryCommonObject.cpp">
      <Filter>Source Files</Filter>
    </ClCompile>
    <ClCompile Include="Appearance\Material.cpp">
      <Filter>Source Files</Filter>
    </ClCompile>
    <ClCompile Include="Geometry\GeometryOBJObject.cpp">
      <Filter>Source Files</Filter>
    </ClCompile>
    <ClCompile Include="Geometry\Geometry3DSObject.cpp">
      <Filter>Source Files</Filter>
    </ClCompile>
    <ClCompile Include="SceneGraph\SceneCameraNode.cpp">
      <Filter>Source Files</Filter>
    </ClCompile>
    <ClCompile Include="SceneGraph\SceneLightNode.cpp">
      <Filter>Source Files</Filter>
    </ClCompile>
  </ItemGroup>
  <ItemGroup>
    <None Include="Include\VirtualWorld.inl">
      <Filter>Header Files</Filter>
    </None>
  </ItemGroup>
</Project>